PODS:
  - ZHHPickerView (1.0.0):
    - ZHHPickerView/Core (= 1.0.0)
  - ZHHPickerView/Core (1.0.0)

DEPENDENCIES:
  - ZHHPickerView (from `../`)

EXTERNAL SOURCES:
  ZHHPickerView:
    :path: "../"

SPEC CHECKSUMS:
  ZHHPickerView: 8247bf83fabf957a302ec676652975d6c05f2b5b

PODFILE CHECKSUM: 4a88a89fc4aaaf94f16cecf8f521b4f45c88408e

COCOAPODS: 1.16.2
